// !$*UTF8*$!
{
	archiveVersion = 1;
	classes = {
	};
	objectVersion = 55;
	objects = {

/* Begin PBXBuildFile section */
		F17B28482865CF4000773A59 /* AppDelegate.swift in Sources */ = {isa = PBXBuildFile; fileRef = F17B28472865CF4000773A59 /* AppDelegate.swift */; };
		F17B284A2865CF4000773A59 /* SceneDelegate.swift in Sources */ = {isa = PBXBuildFile; fileRef = F17B28492865CF4000773A59 /* SceneDelegate.swift */; };
		F17B284C2865CF4000773A59 /* ViewController.swift in Sources */ = {isa = PBXBuildFile; fileRef = F17B284B2865CF4000773A59 /* ViewController.swift */; };
		F17B284F2865CF4000773A59 /* Main.storyboard in Resources */ = {isa = PBXBuildFile; fileRef = F17B284D2865CF4000773A59 /* Main.storyboard */; };
		F17B28512865CF4100773A59 /* Assets.xcassets in Resources */ = {isa = PBXBuildFile; fileRef = F17B28502865CF4100773A59 /* Assets.xcassets */; };
		F17B28542865CF4100773A59 /* LaunchScreen.storyboard in Resources */ = {isa = PBXBuildFile; fileRef = F17B28522865CF4100773A59 /* LaunchScreen.storyboard */; };
		F17B285F2865CF4100773A59 /* BYCalendarTests.swift in Sources */ = {isa = PBXBuildFile; fileRef = F17B285E2865CF4100773A59 /* BYCalendarTests.swift */; };
		F17B28692865CF4100773A59 /* BYCalendarUITests.swift in Sources */ = {isa = PBXBuildFile; fileRef = F17B28682865CF4100773A59 /* BYCalendarUITests.swift */; };
		F17B286B2865CF4100773A59 /* BYCalendarUITestsLaunchTests.swift in Sources */ = {isa = PBXBuildFile; fileRef = F17B286A2865CF4100773A59 /* BYCalendarUITestsLaunchTests.swift */; };
/* End PBXBuildFile section */

/* Begin PBXContainerItemProxy section */
		F17B285B2865CF4100773A59 /* PBXContainerItemProxy */ = {
			isa = PBXContainerItemProxy;
			containerPortal = F17B283C2865CF4000773A59 /* Project object */;
			proxyType = 1;
			remoteGlobalIDString = F17B28432865CF4000773A59;
			remoteInfo = BYCalendar;
		};
		F17B28652865CF4100773A59 /* PBXContainerItemProxy */ = {
			isa = PBXContainerItemProxy;
			containerPortal = F17B283C2865CF4000773A59 /* Project object */;
			proxyType = 1;
			remoteGlobalIDString = F17B28432865CF4000773A59;
			remoteInfo = BYCalendar;
		};
/* End PBXContainerItemProxy section */

/* Begin PBXFileReference section */
		F17B28442865CF4000773A59 /* BYCalendar.app */ = {isa = PBXFileReference; explicitFileType = wrapper.application; includeInIndex = 0; path = BYCalendar.app; sourceTree = BUILT_PRODUCTS_DIR; };
		F17B28472865CF4000773A59 /* AppDelegate.swift */ = {isa = PBXFileReference; lastKnownFileType = sourcecode.swift; path = AppDelegate.swift; sourceTree = "<group>"; };
		F17B28492865CF4000773A59 /* SceneDelegate.swift */ = {isa = PBXFileReference; lastKnownFileType = sourcecode.swift; path = SceneDelegate.swift; sourceTree = "<group>"; };
		F17B284B2865CF4000773A59 /* ViewController.swift */ = {isa = PBXFileReference; lastKnownFileType = sourcecode.swift; path = ViewController.swift; sourceTree = "<group>"; };
		F17B284E2865CF4000773A59 /* Base */ = {isa = PBXFileReference; lastKnownFileType = file.storyboard; name = Base; path = Base.lproj/Main.storyboard; sourceTree = "<group>"; };
		F17B28502865CF4100773A59 /* Assets.xcassets */ = {isa = PBXFileReference; lastKnownFileType = folder.assetcatalog; path = Assets.xcassets; sourceTree = "<group>"; };
		F17B28532865CF4100773A59 /* Base */ = {isa = PBXFileReference; lastKnownFileType = file.storyboard; name = Base; path = Base.lproj/LaunchScreen.storyboard; sourceTree = "<group>"; };
		F17B28552865CF4100773A59 /* Info.plist */ = {isa = PBXFileReference; lastKnownFileType = text.plist.xml; path = Info.plist; sourceTree = "<group>"; };
		F17B285A2865CF4100773A59 /* BYCalendarTests.xctest */ = {isa = PBXFileReference; explicitFileType = wrapper.cfbundle; includeInIndex = 0; path = BYCalendarTests.xctest; sourceTree = BUILT_PRODUCTS_DIR; };
		F17B285E2865CF4100773A59 /* BYCalendarTests.swift */ = {isa = PBXFileReference; lastKnownFileType = sourcecode.swift; path = BYCalendarTests.swift; sourceTree = "<group>"; };
		F17B28642865CF4100773A59 /* BYCalendarUITests.xctest */ = {isa = PBXFileReference; explicitFileType = wrapper.cfbundle; includeInIndex = 0; path = BYCalendarUITests.xctest; sourceTree = BUILT_PRODUCTS_DIR; };
		F17B28682865CF4100773A59 /* BYCalendarUITests.swift */ = {isa = PBXFileReference; lastKnownFileType = sourcecode.swift; path = BYCalendarUITests.swift; sourceTree = "<group>"; };
		F17B286A2865CF4100773A59 /* BYCalendarUITestsLaunchTests.swift */ = {isa = PBXFileReference; lastKnownFileType = sourcecode.swift; path = BYCalendarUITestsLaunchTests.swift; sourceTree = "<group>"; };
/* End PBXFileReference section */

/* Begin PBXFrameworksBuildPhase section */
		F17B28412865CF4000773A59 /* Frameworks */ = {
			isa = PBXFrameworksBuildPhase;
			buildActionMask = 2147483647;
			files = (
			);
			runOnlyForDeploymentPostprocessing = 0;
		};
		F17B28572865CF4100773A59 /* Frameworks */ = {
			isa = PBXFrameworksBuildPhase;
			buildActionMask = 2147483647;
			files = (
			);
			runOnlyForDeploymentPostprocessing = 0;
		};
		F17B28612865CF4100773A59 /* Frameworks */ = {
			isa = PBXFrameworksBuildPhase;
			buildActionMask = 2147483647;
			files = (
			);
			runOnlyForDeploymentPostprocessing = 0;
		};
/* End PBXFrameworksBuildPhase section */

/* Begin PBXGroup section */
		F17B283B2865CF4000773A59 = {
			isa = PBXGroup;
			children = (
				F17B28462865CF4000773A59 /* BYCalendar */,
				F17B285D2865CF4100773A59 /* BYCalendarTests */,
				F17B28672865CF4100773A59 /* BYCalendarUITests */,
				F17B28452865CF4000773A59 /* Products */,
			);
			sourceTree = "<group>";
		};
		F17B28452865CF4000773A59 /* Products */ = {
			isa = PBXGroup;
			children = (
				F17B28442865CF4000773A59 /* BYCalendar.app */,
				F17B285A2865CF4100773A59 /* BYCalendarTests.xctest */,
				F17B28642865CF4100773A59 /* BYCalendarUITests.xctest */,
			);
			name = Products;
			sourceTree = "<group>";
		};
		F17B28462865CF4000773A59 /* BYCalendar */ = {
			isa = PBXGroup;
			children = (
				F17B28472865CF4000773A59 /* AppDelegate.swift */,
				F17B28492865CF4000773A59 /* SceneDelegate.swift */,
				F17B284B2865CF4000773A59 /* ViewController.swift */,
				F17B284D2865CF4000773A59 /* Main.storyboard */,
				F17B28502865CF4100773A59 /* Assets.xcassets */,
				F17B28522865CF4100773A59 /* LaunchScreen.storyboard */,
				F17B28552865CF4100773A59 /* Info.plist */,
			);
			path = BYCalendar;
			sourceTree = "<group>";
		};
		F17B285D2865CF4100773A59 /* BYCalendarTests */ = {
			isa = PBXGroup;
			children = (
				F17B285E2865CF4100773A59 /* BYCalendarTests.swift */,
			);
			path = BYCalendarTests;
			sourceTree = "<group>";
		};
		F17B28672865CF4100773A59 /* BYCalendarUITests */ = {
			isa = PBXGroup;
			children = (
				F17B28682865CF4100773A59 /* BYCalendarUITests.swift */,
				F17B286A2865CF4100773A59 /* BYCalendarUITestsLaunchTests.swift */,
			);
			path = BYCalendarUITests;
			sourceTree = "<group>";
		};
/* End PBXGroup section */

/* Begin PBXNativeTarget section */
		F17B28432865CF4000773A59 /* BYCalendar */ = {
			isa = PBXNativeTarget;
			buildConfigurationList = F17B286E2865CF4100773A59 /* Build configuration list for PBXNativeTarget "BYCalendar" */;
			buildPhases = (
				F17B28402865CF4000773A59 /* Sources */,
				F17B28412865CF4000773A59 /* Frameworks */,
				F17B28422865CF4000773A59 /* Resources */,
			);
			buildRules = (
			);
			dependencies = (
			);
			name = BYCalendar;
			productName = BYCalendar;
			productReference = F17B28442865CF4000773A59 /* BYCalendar.app */;
			productType = "com.apple.product-type.application";
		};
		F17B28592865CF4100773A59 /* BYCalendarTests */ = {
			isa = PBXNativeTarget;
			buildConfigurationList = F17B28712865CF4100773A59 /* Build configuration list for PBXNativeTarget "BYCalendarTests" */;
			buildPhases = (
				F17B28562865CF4100773A59 /* Sources */,
				F17B28572865CF4100773A59 /* Frameworks */,
				F17B28582865CF4100773A59 /* Resources */,
			);
			buildRules = (
			);
			dependencies = (
				F17B285C2865CF4100773A59 /* PBXTargetDependency */,
			);
			name = BYCalendarTests;
			productName = BYCalendarTests;
			productReference = F17B285A2865CF4100773A59 /* BYCalendarTests.xctest */;
			productType = "com.apple.product-type.bundle.unit-test";
		};
		F17B28632865CF4100773A59 /* BYCalendarUITests */ = {
			isa = PBXNativeTarget;
			buildConfigurationList = F17B28742865CF4100773A59 /* Build configuration list for PBXNativeTarget "BYCalendarUITests" */;
			buildPhases = (
				F17B28602865CF4100773A59 /* Sources */,
				F17B28612865CF4100773A59 /* Frameworks */,
				F17B28622865CF4100773A59 /* Resources */,
			);
			buildRules = (
			);
			dependencies = (
				F17B28662865CF4100773A59 /* PBXTargetDependency */,
			);
			name = BYCalendarUITests;
			productName = BYCalendarUITests;
			productReference = F17B28642865CF4100773A59 /* BYCalendarUITests.xctest */;
			productType = "com.apple.product-type.bundle.ui-testing";
		};
/* End PBXNativeTarget section */

/* Begin PBXProject section */
		F17B283C2865CF4000773A59 /* Project object */ = {
			isa = PBXProject;
			attributes = {
				BuildIndependentTargetsInParallel = 1;
				LastSwiftUpdateCheck = 1340;
				LastUpgradeCheck = 1340;
				TargetAttributes = {
					F17B28432865CF4000773A59 = {
						CreatedOnToolsVersion = 13.4.1;
					};
					F17B28592865CF4100773A59 = {
						CreatedOnToolsVersion = 13.4.1;
						TestTargetID = F17B28432865CF4000773A59;
					};
					F17B28632865CF4100773A59 = {
						CreatedOnToolsVersion = 13.4.1;
						TestTargetID = F17B28432865CF4000773A59;
					};
				};
			};
			buildConfigurationList = F17B283F2865CF4000773A59 /* Build configuration list for PBXProject "BYCalendar" */;
			compatibilityVersion = "Xcode 13.0";
			developmentRegion = en;
			hasScannedForEncodings = 0;
			knownRegions = (
				en,
				Base,
			);
			mainGroup = F17B283B2865CF4000773A59;
			productRefGroup = F17B28452865CF4000773A59 /* Products */;
			projectDirPath = "";
			projectRoot = "";
			targets = (
				F17B28432865CF4000773A59 /* BYCalendar */,
				F17B28592865CF4100773A59 /* BYCalendarTests */,
				F17B28632865CF4100773A59 /* BYCalendarUITests */,
			);
		};
/* End PBXProject section */

/* Begin PBXResourcesBuildPhase section */
		F17B28422865CF4000773A59 /* Resources */ = {
			isa = PBXResourcesBuildPhase;
			buildActionMask = 2147483647;
			files = (
				F17B28542865CF4100773A59 /* LaunchScreen.storyboard in Resources */,
				F17B28512865CF4100773A59 /* Assets.xcassets in Resources */,
				F17B284F2865CF4000773A59 /* Main.storyboard in Resources */,
			);
			runOnlyForDeploymentPostprocessing = 0;
		};
		F17B28582865CF4100773A59 /* Resources */ = {
			isa = PBXResourcesBuildPhase;
			buildActionMask = 2147483647;
			files = (
			);
			runOnlyForDeploymentPostprocessing = 0;
		};
		F17B28622865CF4100773A59 /* Resources */ = {
			isa = PBXResourcesBuildPhase;
			buildActionMask = 2147483647;
			files = (
			);
			runOnlyForDeploymentPostprocessing = 0;
		};
/* End PBXResourcesBuildPhase section */

/* Begin PBXSourcesBuildPhase section */
		F17B28402865CF4000773A59 /* Sources */ = {
			isa = PBXSourcesBuildPhase;
			buildActionMask = 2147483647;
			files = (
				F17B284C2865CF4000773A59 /* ViewController.swift in Sources */,
				F17B28482865CF4000773A59 /* AppDelegate.swift in Sources */,
				F17B284A2865CF4000773A59 /* SceneDelegate.swift in Sources */,
			);
			runOnlyForDeploymentPostprocessing = 0;
		};
		F17B28562865CF4100773A59 /* Sources */ = {
			isa = PBXSourcesBuildPhase;
			buildActionMask = 2147483647;
			files = (
				F17B285F2865CF4100773A59 /* BYCalendarTests.swift in Sources */,
			);
			runOnlyForDeploymentPostprocessing = 0;
		};
		F17B28602865CF4100773A59 /* Sources */ = {
			isa = PBXSourcesBuildPhase;
			buildActionMask = 2147483647;
			files = (
				F17B28692865CF4100773A59 /* BYCalendarUITests.swift in Sources */,
				F17B286B2865CF4100773A59 /* BYCalendarUITestsLaunchTests.swift in Sources */,
			);
			runOnlyForDeploymentPostprocessing = 0;
		};
/* End PBXSourcesBuildPhase section */

/* Begin PBXTargetDependency section */
		F17B285C2865CF4100773A59 /* PBXTargetDependency */ = {
			isa = PBXTargetDependency;
			target = F17B28432865CF4000773A59 /* BYCalendar */;
			targetProxy = F17B285B2865CF4100773A59 /* PBXContainerItemProxy */;
		};
		F17B28662865CF4100773A59 /* PBXTargetDependency */ = {
			isa = PBXTargetDependency;
			target = F17B28432865CF4000773A59 /* BYCalendar */;
			targetProxy = F17B28652865CF4100773A59 /* PBXContainerItemProxy */;
		};
/* End PBXTargetDependency section */

/* Begin PBXVariantGroup section */
		F17B284D2865CF4000773A59 /* Main.storyboard */ = {
			isa = PBXVariantGroup;
			children = (
				F17B284E2865CF4000773A59 /* Base */,
			);
			name = Main.storyboard;
			sourceTree = "<group>";
		};
		F17B28522865CF4100773A59 /* LaunchScreen.storyboard */ = {
			isa = PBXVariantGroup;
			children = (
				F17B28532865CF4100773A59 /* Base */,
			);
			name = LaunchScreen.storyboard;
			sourceTree = "<group>";
		};
/* End PBXVariantGroup section */

/* Begin XCBuildConfiguration section */
		F17B286C2865CF4100773A59 /* Debug */ = {
			isa = XCBuildConfiguration;
			buildSettings = {
				ALWAYS_SEARCH_USER_PATHS = NO;
				CLANG_ANALYZER_NONNULL = YES;
				CLANG_ANALYZER_NUMBER_OBJECT_CONVERSION = YES_AGGRESSIVE;
				CLANG_CXX_LANGUAGE_STANDARD = "gnu++17";
				CLANG_ENABLE_MODULES = YES;
				CLANG_ENABLE_OBJC_ARC = YES;
				CLANG_ENABLE_OBJC_WEAK = YES;
				CLANG_WARN_BLOCK_CAPTURE_AUTORELEASING = YES;
				CLANG_WARN_BOOL_CONVERSION = YES;
				CLANG_WARN_COMMA = YES;
				CLANG_WARN_CONSTANT_CONVERSION = YES;
				CLANG_WARN_DEPRECATED_OBJC_IMPLEMENTATIONS = YES;
				CLANG_WARN_DIRECT_OBJC_ISA_USAGE = YES_ERROR;
				CLANG_WARN_DOCUMENTATION_COMMENTS = YES;
				CLANG_WARN_EMPTY_BODY = YES;
				CLANG_WARN_ENUM_CONVERSION = YES;
				CLANG_WARN_INFINITE_RECURSION = YES;
				CLANG_WARN_INT_CONVERSION = YES;
				CLANG_WARN_NON_LITERAL_NULL_CONVERSION = YES;
				CLANG_WARN_OBJC_IMPLICIT_RETAIN_SELF = YES;
				CLANG_WARN_OBJC_LITERAL_CONVERSION = YES;
				CLANG_WARN_OBJC_ROOT_CLASS = YES_ERROR;
				CLANG_WARN_QUOTED_INCLUDE_IN_FRAMEWORK_HEADER = YES;
				CLANG_WARN_RANGE_LOOP_ANALYSIS = YES;
				CLANG_WARN_STRICT_PROTOTYPES = YES;
				CLANG_WARN_SUSPICIOUS_MOVE = YES;
				CLANG_WARN_UNGUARDED_AVAILABILITY = YES_AGGRESSIVE;
				CLANG_WARN_UNREACHABLE_CODE = YES;
				CLANG_WARN__DUPLICATE_METHOD_MATCH = YES;
				COPY_PHASE_STRIP = NO;
				DEBUG_INFORMATION_FORMAT = dwarf;
				ENABLE_STRICT_OBJC_MSGSEND = YES;
				ENABLE_TESTABILITY = YES;
				GCC_C_LANGUAGE_STANDARD = gnu11;
				GCC_DYNAMIC_NO_PIC = NO;
				GCC_NO_COMMON_BLOCKS = YES;
				GCC_OPTIMIZATION_LEVEL = 0;
				GCC_PREPROCESSOR_DEFINITIONS = (
					"DEBUG=1",
					"$(inherited)",
				);
				GCC_WARN_64_TO_32_BIT_CONVERSION = YES;
				GCC_WARN_ABOUT_RETURN_TYPE = YES_ERROR;
				GCC_WARN_UNDECLARED_SELECTOR = YES;
				GCC_WARN_UNINITIALIZED_AUTOS = YES_AGGRESSIVE;
				GCC_WARN_UNUSED_FUNCTION = YES;
				GCC_WARN_UNUSED_VARIABLE = YES;
				IPHONEOS_DEPLOYMENT_TARGET = 15.5;
				MTL_ENABLE_DEBUG_INFO = INCLUDE_SOURCE;
				MTL_FAST_MATH = YES;
				ONLY_ACTIVE_ARCH = YES;
				SDKROOT = iphoneos;
				SWIFT_ACTIVE_COMPILATION_CONDITIONS = DEBUG;
				SWIFT_OPTIMIZATION_LEVEL = "-Onone";
			};
			name = Debug;
		};
		F17B286D2865CF4100773A59 /* Release */ = {
			isa = XCBuildConfiguration;
			buildSettings = {
				ALWAYS_SEARCH_USER_PATHS = NO;
				CLANG_ANALYZER_NONNULL = YES;
				CLANG_ANALYZER_NUMBER_OBJECT_CONVERSION = YES_AGGRESSIVE;
				CLANG_CXX_LANGUAGE_STANDARD = "gnu++17";
				CLANG_ENABLE_MODULES = YES;
				CLANG_ENABLE_OBJC_ARC = YES;
				CLANG_ENABLE_OBJC_WEAK = YES;
				CLANG_WARN_BLOCK_CAPTURE_AUTORELEASING = YES;
				CLANG_WARN_BOOL_CONVERSION = YES;
				CLANG_WARN_COMMA = YES;
				CLANG_WARN_CONSTANT_CONVERSION = YES;
				CLANG_WARN_DEPRECATED_OBJC_IMPLEMENTATIONS = YES;
				CLANG_WARN_DIRECT_OBJC_ISA_USAGE = YES_ERROR;
				CLANG_WARN_DOCUMENTATION_COMMENTS = YES;
				CLANG_WARN_EMPTY_BODY = YES;
				CLANG_WARN_ENUM_CONVERSION = YES;
				CLANG_WARN_INFINITE_RECURSION = YES;
				CLANG_WARN_INT_CONVERSION = YES;
				CLANG_WARN_NON_LITERAL_NULL_CONVERSION = YES;
				CLANG_WARN_OBJC_IMPLICIT_RETAIN_SELF = YES;
				CLANG_WARN_OBJC_LITERAL_CONVERSION = YES;
				CLANG_WARN_OBJC_ROOT_CLASS = YES_ERROR;
				CLANG_WARN_QUOTED_INCLUDE_IN_FRAMEWORK_HEADER = YES;
				CLANG_WARN_RANGE_LOOP_ANALYSIS = YES;
				CLANG_WARN_STRICT_PROTOTYPES = YES;
				CLANG_WARN_SUSPICIOUS_MOVE = YES;
				CLANG_WARN_UNGUARDED_AVAILABILITY = YES_AGGRESSIVE;
				CLANG_WARN_UNREACHABLE_CODE = YES;
				CLANG_WARN__DUPLICATE_METHOD_MATCH = YES;
				COPY_PHASE_STRIP = NO;
				DEBUG_INFORMATION_FORMAT = "dwarf-with-dsym";
				ENABLE_NS_ASSERTIONS = NO;
				ENABLE_STRICT_OBJC_MSGSEND = YES;
				GCC_C_LANGUAGE_STANDARD = gnu11;
				GCC_NO_COMMON_BLOCKS = YES;
				GCC_WARN_64_TO_32_BIT_CONVERSION = YES;
				GCC_WARN_ABOUT_RETURN_TYPE = YES_ERROR;
				GCC_WARN_UNDECLARED_SELECTOR = YES;
				GCC_WARN_UNINITIALIZED_AUTOS = YES_AGGRESSIVE;
				GCC_WARN_UNUSED_FUNCTION = YES;
				GCC_WARN_UNUSED_VARIABLE = YES;
				IPHONEOS_DEPLOYMENT_TARGET = 15.5;
				MTL_ENABLE_DEBUG_INFO = NO;
				MTL_FAST_MATH = YES;
				SDKROOT = iphoneos;
				SWIFT_COMPILATION_MODE = wholemodule;
				SWIFT_OPTIMIZATION_LEVEL = "-O";
				VALIDATE_PRODUCT = YES;
			};
			name = Release;
		};
		F17B286F2865CF4100773A59 /* Debug */ = {
			isa = XCBuildConfiguration;
			buildSettings = {
				ASSETCATALOG_COMPILER_APPICON_NAME = AppIcon;
				ASSETCATALOG_COMPILER_GLOBAL_ACCENT_COLOR_NAME = AccentColor;
				CODE_SIGN_STYLE = Automatic;
				CURRENT_PROJECT_VERSION = 1;
				DEVELOPMENT_TEAM = 6883Y2VG3J;
				GENERATE_INFOPLIST_FILE = YES;
				INFOPLIST_FILE = BYCalendar/Info.plist;
				INFOPLIST_KEY_UIApplicationSupportsIndirectInputEvents = YES;
				INFOPLIST_KEY_UILaunchStoryboardName = LaunchScreen;
				INFOPLIST_KEY_UIMainStoryboardFile = Main;
				INFOPLIST_KEY_UISupportedInterfaceOrientations_iPad = "UIInterfaceOrientationPortrait UIInterfaceOrientationPortraitUpsideDown UIInterfaceOrientationLandscapeLeft UIInterfaceOrientationLandscapeRight";
				INFOPLIST_KEY_UISupportedInterfaceOrientations_iPhone = "UIInterfaceOrientationPortrait UIInterfaceOrientationLandscapeLeft UIInterfaceOrientationLandscapeRight";
				LD_RUNPATH_SEARCH_PATHS = (
					"$(inherited)",
					"@executable_path/Frameworks",
				);
				MARKETING_VERSION = 1.0;
				PRODUCT_BUNDLE_IDENTIFIER = com.woojinlee.BYCalendar;
				PRODUCT_NAME = "$(TARGET_NAME)";
				SWIFT_EMIT_LOC_STRINGS = YES;
				SWIFT_VERSION = 5.0;
				TARGETED_DEVICE_FAMILY = "1,2";
			};
			name = Debug;
		};
		F17B28702865CF4100773A59 /* Release */ = {
			isa = XCBuildConfiguration;
			buildSettings = {
				ASSETCATALOG_COMPILER_APPICON_NAME = AppIcon;
				ASSETCATALOG_COMPILER_GLOBAL_ACCENT_COLOR_NAME = AccentColor;
				CODE_SIGN_STYLE = Automatic;
				CURRENT_PROJECT_VERSION = 1;
				DEVELOPMENT_TEAM = 6883Y2VG3J;
				GENERATE_INFOPLIST_FILE = YES;
				INFOPLIST_FILE = BYCalendar/Info.plist;
				INFOPLIST_KEY_UIApplicationSupportsIndirectInputEvents = YES;
				INFOPLIST_KEY_UILaunchStoryboardName = LaunchScreen;
				INFOPLIST_KEY_UIMainStoryboardFile = Main;
				INFOPLIST_KEY_UISupportedInterfaceOrientations_iPad = "UIInterfaceOrientationPortrait UIInterfaceOrientationPortraitUpsideDown UIInterfaceOrientationLandscapeLeft UIInterfaceOrientationLandscapeRight";
				INFOPLIST_KEY_UISupportedInterfaceOrientations_iPhone = "UIInterfaceOrientationPortrait UIInterfaceOrientationLandscapeLeft UIInterfaceOrientationLandscapeRight";
				LD_RUNPATH_SEARCH_PATHS = (
					"$(inherited)",
					"@executable_path/Frameworks",
				);
				MARKETING_VERSION = 1.0;
				PRODUCT_BUNDLE_IDENTIFIER = com.woojinlee.BYCalendar;
				PRODUCT_NAME = "$(TARGET_NAME)";
				SWIFT_EMIT_LOC_STRINGS = YES;
				SWIFT_VERSION = 5.0;
				TARGETED_DEVICE_FAMILY = "1,2";
			};
			name = Release;
		};
		F17B28722865CF4100773A59 /* Debug */ = {
			isa = XCBuildConfiguration;
			buildSettings = {
				ALWAYS_EMBED_SWIFT_STANDARD_LIBRARIES = YES;
				BUNDLE_LOADER = "$(TEST_HOST)";
				CODE_SIGN_STYLE = Automatic;
				CURRENT_PROJECT_VERSION = 1;
				DEVELOPMENT_TEAM = 6883Y2VG3J;
				GENERATE_INFOPLIST_FILE = YES;
				IPHONEOS_DEPLOYMENT_TARGET = 15.5;
				MARKETING_VERSION = 1.0;
				PRODUCT_BUNDLE_IDENTIFIER = com.woojinlee.BYCalendarTests;
				PRODUCT_NAME = "$(TARGET_NAME)";
				SWIFT_EMIT_LOC_STRINGS = NO;
				SWIFT_VERSION = 5.0;
				TARGETED_DEVICE_FAMILY = "1,2";
				TEST_HOST = "$(BUILT_PRODUCTS_DIR)/BYCalendar.app/BYCalendar";
			};
			name = Debug;
		};
		F17B28732865CF4100773A59 /* Release */ = {
			isa = XCBuildConfiguration;
			buildSettings = {
				ALWAYS_EMBED_SWIFT_STANDARD_LIBRARIES = YES;
				BUNDLE_LOADER = "$(TEST_HOST)";
				CODE_SIGN_STYLE = Automatic;
				CURRENT_PROJECT_VERSION = 1;
				DEVELOPMENT_TEAM = 6883Y2VG3J;
				GENERATE_INFOPLIST_FILE = YES;
				IPHONEOS_DEPLOYMENT_TARGET = 15.5;
				MARKETING_VERSION = 1.0;
				PRODUCT_BUNDLE_IDENTIFIER = com.woojinlee.BYCalendarTests;
				PRODUCT_NAME = "$(TARGET_NAME)";
				SWIFT_EMIT_LOC_STRINGS = NO;
				SWIFT_VERSION = 5.0;
				TARGETED_DEVICE_FAMILY = "1,2";
				TEST_HOST = "$(BUILT_PRODUCTS_DIR)/BYCalendar.app/BYCalendar";
			};
			name = Release;
		};
		F17B28752865CF4100773A59 /* Debug */ = {
			isa = XCBuildConfiguration;
			buildSettings = {
				ALWAYS_EMBED_SWIFT_STANDARD_LIBRARIES = YES;
				CODE_SIGN_STYLE = Automatic;
				CURRENT_PROJECT_VERSION = 1;
				DEVELOPMENT_TEAM = 6883Y2VG3J;
				GENERATE_INFOPLIST_FILE = YES;
				MARKETING_VERSION = 1.0;
				PRODUCT_BUNDLE_IDENTIFIER = com.woojinlee.BYCalendarUITests;
				PRODUCT_NAME = "$(TARGET_NAME)";
				SWIFT_EMIT_LOC_STRINGS = NO;
				SWIFT_VERSION = 5.0;
				TARGETED_DEVICE_FAMILY = "1,2";
				TEST_TARGET_NAME = BYCalendar;
			};
			name = Debug;
		};
		F17B28762865CF4100773A59 /* Release */ = {
			isa = XCBuildConfiguration;
			buildSettings = {
				ALWAYS_EMBED_SWIFT_STANDARD_LIBRARIES = YES;
				CODE_SIGN_STYLE = Automatic;
				CURRENT_PROJECT_VERSION = 1;
				DEVELOPMENT_TEAM = 6883Y2VG3J;
				GENERATE_INFOPLIST_FILE = YES;
				MARKETING_VERSION = 1.0;
				PRODUCT_BUNDLE_IDENTIFIER = com.woojinlee.BYCalendarUITests;
				PRODUCT_NAME = "$(TARGET_NAME)";
				SWIFT_EMIT_LOC_STRINGS = NO;
				SWIFT_VERSION = 5.0;
				TARGETED_DEVICE_FAMILY = "1,2";
				TEST_TARGET_NAME = BYCalendar;
			};
			name = Release;
		};
/* End XCBuildConfiguration section */

/* Begin XCConfigurationList section */
		F17B283F2865CF4000773A59 /* Build configuration list for PBXProject "BYCalendar" */ = {
			isa = XCConfigurationList;
			buildConfigurations = (
				F17B286C2865CF4100773A59 /* Debug */,
				F17B286D2865CF4100773A59 /* Release */,
			);
			defaultConfigurationIsVisible = 0;
			defaultConfigurationName = Release;
		};
		F17B286E2865CF4100773A59 /* Build configuration list for PBXNativeTarget "BYCalendar" */ = {
			isa = XCConfigurationList;
			buildConfigurations = (
				F17B286F2865CF4100773A59 /* Debug */,
				F17B28702865CF4100773A59 /* Release */,
			);
			defaultConfigurationIsVisible = 0;
			defaultConfigurationName = Release;
		};
		F17B28712865CF4100773A59 /* Build configuration list for PBXNativeTarget "BYCalendarTests" */ = {
			isa = XCConfigurationList;
			buildConfigurations = (
				F17B28722865CF4100773A59 /* Debug */,
				F17B28732865CF4100773A59 /* Release */,
			);
			defaultConfigurationIsVisible = 0;
			defaultConfigurationName = Release;
		};
		F17B28742865CF4100773A59 /* Build configuration list for PBXNativeTarget "BYCalendarUITests" */ = {
			isa = XCConfigurationList;
			buildConfigurations = (
				F17B28752865CF4100773A59 /* Debug */,
				F17B28762865CF4100773A59 /* Release */,
			);
			defaultConfigurationIsVisible = 0;
			defaultConfigurationName = Release;
		};
/* End XCConfigurationList section */
	};
	rootObject = F17B283C2865CF4000773A59 /* Project object */;
}
